
Microsoft Visual Studio Solution File, Format Version 12.00
# Visual Studio 15
VisualStudioVersion = 15.0.27130.2036
MinimumVisualStudioVersion = 10.0.40219.1
Project("{FAE04EC0-301F-11D3-BF4B-00C04F79EFBC}") = "TFTest", "TFTest\TFTest.csproj", "{5E8F2D4D-E6A3-4FDE-87FF-A475D0D3CD8F}"
EndProject
Global
	GlobalSection(SolutionConfigurationPlatforms) = preSolution
		Debug|Any CPU = Debug|Any CPU
		Release|Any CPU = Release|Any CPU
	EndGlobalSection
	GlobalSection(ProjectConfigurationPlatforms) = postSolution
		{5E8F2D4D-E6A3-4FDE-87FF-A475D0D3CD8F}.Debug|Any CPU.ActiveCfg = Debug|Any CPU
		{5E8F2D4D-E6A3-4FDE-87FF-A475D0D3CD8F}.Debug|Any CPU.Build.0 = Debug|Any CPU
		{5E8F2D4D-E6A3-4FDE-87FF-A475D0D3CD8F}.Release|Any CPU.ActiveCfg = Release|Any CPU
		{5E8F2D4D-E6A3-4FDE-87FF-A475D0D3CD8F}.Release|Any CPU.Build.0 = Release|Any CPU
	EndGlobalSection
	GlobalSection(SolutionProperties) = preSolution
		HideSolutionNode = FALSE
	EndGlobalSection
	GlobalSection(ExtensibilityGlobals) = postSolution
		SolutionGuid = {55BC1890-EBDA-49E8-9B9A-F404E460EFB2}
	EndGlobalSection
EndGlobal
